<?xml version="1.0" encoding="utf-8"?>
<Project ToolsVersion="4.0" xmlns="http://schemas.microsoft.com/developer/msbuild/2003">
  <ItemGroup>
    <Filter Include="Source Files">
      <UniqueIdentifier>{4FC737F1-C7A5-4376-A066-2A32D752A2FF}</UniqueIdentifier>
      <Extensions>cpp;c;cc;cxx;c++;cppm;ixx;def;odl;idl;hpj;bat;asm;asmx</Extensions>
    </Filter>
    <Filter Include="Header Files">
      <UniqueIdentifier>{93995380-89BD-4b04-88EB-625FBE52EBFB}</UniqueIdentifier>
      <Extensions>h;hh;hpp;hxx;h++;hm;inl;inc;ipp;xsd</Extensions>
    </Filter>
    <Filter Include="Resource Files">
      <UniqueIdentifier>{67DA6AB6-F800-4c08-8B7A-83BB121AAD01}</UniqueIdentifier>
      <Extensions>rc;ico;cur;bmp;dlg;rc2;rct;bin;rgs;gif;jpg;jpeg;jpe;resx;tiff;tif;png;wav;mfcribbon-ms</Extensions>
    </Filter>
  </ItemGroup>
  <ItemGroup>
    <ClCompile Include="src\application.cpp">
      <Filter>Source Files</Filter>
    </ClCompile>
    <ClCompile Include="src\Camera.cpp">
      <Filter>Source Files</Filter>
    </ClCompile>
    <ClCompile Include="src\Shader.cpp">
      <Filter>Source Files</Filter>
    </ClCompile>
    <ClCompile Include="src\Preprocessing.cpp">
      <Filter>Source Files</Filter>
    </ClCompile>
    <ClCompile Include="src\FileOrganizer.cpp">
      <Filter>Source Files</Filter>
    </ClCompile>
    <ClCompile Include="src\Simplification.cpp">
      <Filter>Source Files</Filter>
    </ClCompile>
    <ClCompile Include="src\Refinement.cpp">
      <Filter>Source Files</Filter>
    </ClCompile>
    <ClCompile Include="src\FeatureExtraction.cpp">
      <Filter>Source Files</Filter>
    </ClCompile>
    <ClCompile Include="src\CodeFromProf\Grid.cpp">
      <Filter>Source Files</Filter>
    </ClCompile>
    <ClCompile Include="src\CodeFromProf\ScalarAttributes.cpp">
      <Filter>Source Files</Filter>
    </ClCompile>
    <ClCompile Include="src\CodeFromProf\UnstructuredGrid.cpp">
      <Filter>Source Files</Filter>
    </ClCompile>
    <ClCompile Include="src\CodeFromProf\UnstructuredGrid3D.cpp">
      <Filter>Source Files</Filter>
    </ClCompile>
    <ClCompile Include="src\Querying.cpp">
      <Filter>Source Files</Filter>
    </ClCompile>
    <ClCompile Include="src\ANN\ANN.cpp">
      <Filter>Source Files</Filter>
    </ClCompile>
    <ClCompile Include="src\ANN\bd_fix_rad_search.cpp">
      <Filter>Source Files</Filter>
    </ClCompile>
    <ClCompile Include="src\ANN\bd_pr_search.cpp">
      <Filter>Source Files</Filter>
    </ClCompile>
    <ClCompile Include="src\ANN\bd_search.cpp">
      <Filter>Source Files</Filter>
    </ClCompile>
    <ClCompile Include="src\ANN\bd_tree.cpp">
      <Filter>Source Files</Filter>
    </ClCompile>
    <ClCompile Include="src\ANN\brute.cpp">
      <Filter>Source Files</Filter>
    </ClCompile>
    <ClCompile Include="src\ANN\kd_dump.cpp">
      <Filter>Source Files</Filter>
    </ClCompile>
    <ClCompile Include="src\ANN\kd_fix_rad_search.cpp">
      <Filter>Source Files</Filter>
    </ClCompile>
    <ClCompile Include="src\ANN\kd_pr_search.cpp">
      <Filter>Source Files</Filter>
    </ClCompile>
    <ClCompile Include="src\ANN\kd_search.cpp">
      <Filter>Source Files</Filter>
    </ClCompile>
    <ClCompile Include="src\ANN\kd_split.cpp">
      <Filter>Source Files</Filter>
    </ClCompile>
    <ClCompile Include="src\ANN\kd_tree.cpp">
      <Filter>Source Files</Filter>
    </ClCompile>
    <ClCompile Include="src\ANN\kd_util.cpp">
      <Filter>Source Files</Filter>
    </ClCompile>
    <ClCompile Include="src\ANN\perf.cpp">
      <Filter>Source Files</Filter>
    </ClCompile>
    <ClCompile Include="src\Evaluation.cpp">
      <Filter>Source Files</Filter>
    </ClCompile>
    <ClCompile Include="src\CodeFromProf\MeshDecimator.cpp">
      <Filter>Source Files</Filter>
    </ClCompile>
  </ItemGroup>
  <ItemGroup>
    <None Include="res\shaders\Basic.shader" />
    <None Include="res\shaders\Fragment.shader" />
    <None Include="res\shaders\Vertex.shader" />
    <None Include="res\shaders\wireframeFragment.shader" />
    <None Include="src\MMRLibrary\include\UnstructuredGrid.h~" />
    <None Include="src\MMRLibrary\include\UnstructuredGrid3D.h~" />
    <None Include="src\MMRLibrary\Makefile" />
    <None Include="src\MMRLibrary\refined.ply" />
    <None Include="src\CodeFromProf\UnstructuredGrid.h~" />
    <None Include="src\CodeFromProf\UnstructuredGrid3D.h~" />
    <None Include="res\shaders\text_vertex_shader.shader" />
    <None Include="res\shaders\text_fragment_shader.shader" />
    <None Include="src\ANN\Makefile" />
    <None Include="src\CodeFromProf\mdVector.inl">
      <Filter>Header Files</Filter>
    </None>
  </ItemGroup>
  <ItemGroup>
    <ClInclude Include="src\Camera.h">
      <Filter>Header Files</Filter>
    </ClInclude>
    <ClInclude Include="src\Shader.h">
      <Filter>Header Files</Filter>
    </ClInclude>
    <ClInclude Include="src\Preprocessing.h">
      <Filter>Header Files</Filter>
    </ClInclude>
    <ClInclude Include="src\matplotlibcpp.h">
      <Filter>Header Files</Filter>
    </ClInclude>
    <ClInclude Include="src\MMRLibrary\include\Grid.h">
      <Filter>Header Files</Filter>
    </ClInclude>
    <ClInclude Include="src\MMRLibrary\include\MeshRenderer.h">
      <Filter>Header Files</Filter>
    </ClInclude>
    <ClInclude Include="src\MMRLibrary\include\ply.h">
      <Filter>Header Files</Filter>
    </ClInclude>
    <ClInclude Include="src\MMRLibrary\include\PlyReader.h">
      <Filter>Header Files</Filter>
    </ClInclude>
    <ClInclude Include="src\MMRLibrary\include\Point3d.h">
      <Filter>Header Files</Filter>
    </ClInclude>
    <ClInclude Include="src\MMRLibrary\include\RectilinearGrid.h">
      <Filter>Header Files</Filter>
    </ClInclude>
    <ClInclude Include="src\MMRLibrary\include\Renderer.h">
      <Filter>Header Files</Filter>
    </ClInclude>
    <ClInclude Include="src\MMRLibrary\include\ScalarAttributes.h">
      <Filter>Header Files</Filter>
    </ClInclude>
    <ClInclude Include="src\MMRLibrary\include\SimpleRenderer.h">
      <Filter>Header Files</Filter>
    </ClInclude>
    <ClInclude Include="src\MMRLibrary\include\StructuredGrid.h">
      <Filter>Header Files</Filter>
    </ClInclude>
    <ClInclude Include="src\MMRLibrary\include\UniformGrid.h">
      <Filter>Header Files</Filter>
    </ClInclude>
    <ClInclude Include="src\MMRLibrary\include\UnstructuredGrid.h">
      <Filter>Header Files</Filter>
    </ClInclude>
    <ClInclude Include="src\MMRLibrary\include\UnstructuredGrid3D.h">
      <Filter>Header Files</Filter>
    </ClInclude>
    <ClInclude Include="src\MMRLibrary\include\VectorAttributes.h">
      <Filter>Header Files</Filter>
    </ClInclude>
    <ClInclude Include="src\MMRLibrary\include\zpr.h">
      <Filter>Header Files</Filter>
    </ClInclude>
    <ClInclude Include="src\FileOrganizer.h">
      <Filter>Header Files</Filter>
    </ClInclude>
    <ClInclude Include="src\Simplification.h">
      <Filter>Header Files</Filter>
    </ClInclude>
    <ClInclude Include="src\Refinement.h">
      <Filter>Header Files</Filter>
    </ClInclude>
    <ClInclude Include="src\FeatureExtraction.h">
      <Filter>Header Files</Filter>
    </ClInclude>
    <ClInclude Include="src\CodeFromProf\Grid.h">
      <Filter>Header Files</Filter>
    </ClInclude>
    <ClInclude Include="src\CodeFromProf\Point3d.h">
      <Filter>Header Files</Filter>
    </ClInclude>
    <ClInclude Include="src\CodeFromProf\RectilinearGrid.h">
      <Filter>Header Files</Filter>
    </ClInclude>
    <ClInclude Include="src\CodeFromProf\ScalarAttributes.h">
      <Filter>Header Files</Filter>
    </ClInclude>
    <ClInclude Include="src\CodeFromProf\StructuredGrid.h">
      <Filter>Header Files</Filter>
    </ClInclude>
    <ClInclude Include="src\CodeFromProf\UniformGrid.h">
      <Filter>Header Files</Filter>
    </ClInclude>
    <ClInclude Include="src\CodeFromProf\UnstructuredGrid.h">
      <Filter>Header Files</Filter>
    </ClInclude>
    <ClInclude Include="src\CodeFromProf\UnstructuredGrid3D.h">
      <Filter>Header Files</Filter>
    </ClInclude>
    <ClInclude Include="src\CodeFromProf\VectorAttributes.h">
      <Filter>Header Files</Filter>
    </ClInclude>
    <ClInclude Include="src\Querying.h">
      <Filter>Header Files</Filter>
    </ClInclude>
    <ClInclude Include="src\stb_easy_font.h">
      <Filter>Header Files</Filter>
    </ClInclude>
    <ClInclude Include="src\ANN\bd_tree.h">
      <Filter>Header Files</Filter>
    </ClInclude>
    <ClInclude Include="src\ANN\kd_fix_rad_search.h">
      <Filter>Header Files</Filter>
    </ClInclude>
    <ClInclude Include="src\ANN\kd_pr_search.h">
      <Filter>Header Files</Filter>
    </ClInclude>
    <ClInclude Include="src\ANN\kd_search.h">
      <Filter>Header Files</Filter>
    </ClInclude>
    <ClInclude Include="src\ANN\kd_split.h">
      <Filter>Header Files</Filter>
    </ClInclude>
    <ClInclude Include="src\ANN\kd_tree.h">
      <Filter>Header Files</Filter>
    </ClInclude>
    <ClInclude Include="src\ANN\kd_util.h">
      <Filter>Header Files</Filter>
    </ClInclude>
    <ClInclude Include="src\ANN\pr_queue.h">
      <Filter>Header Files</Filter>
    </ClInclude>
    <ClInclude Include="src\ANN\pr_queue_k.h">
      <Filter>Header Files</Filter>
    </ClInclude>
    <ClInclude Include="src\Evaluation.h">
      <Filter>Header Files</Filter>
    </ClInclude>
    <ClInclude Include="src\CodeFromProf\mdSArray.h">
      <Filter>Header Files</Filter>
    </ClInclude>
    <ClInclude Include="src\CodeFromProf\mdVector.h">
      <Filter>Header Files</Filter>
    </ClInclude>
    <ClInclude Include="src\CodeFromProf\MeshDecimator.h">
      <Filter>Header Files</Filter>
    </ClInclude>
  </ItemGroup>
</Project>